// !$*UTF8*$!
{
	archiveVersion = 1;
	classes = {
	};
	objectVersion = 48;
	objects = {

/* Begin PBXBuildFile section */
		FF4D24C1202136D4001AF361 /* AppDelegate.swift in Sources */ = {isa = PBXBuildFile; fileRef = FF4D24C0202136D4001AF361 /* AppDelegate.swift */; };
		FF4D24C3202136D4001AF361 /* ViewController.swift in Sources */ = {isa = PBXBuildFile; fileRef = FF4D24C2202136D4001AF361 /* ViewController.swift */; };
		FF4D24C6202136D4001AF361 /* Main.storyboard in Resources */ = {isa = PBXBuildFile; fileRef = FF4D24C4202136D4001AF361 /* Main.storyboard */; };
		FF4D24C8202136D4001AF361 /* Assets.xcassets in Resources */ = {isa = PBXBuildFile; fileRef = FF4D24C7202136D4001AF361 /* Assets.xcassets */; };
		FF4D24CB202136D4001AF361 /* LaunchScreen.storyboard in Resources */ = {isa = PBXBuildFile; fileRef = FF4D24C9202136D4001AF361 /* LaunchScreen.storyboard */; };
		FF4D24D6202136D4001AF361 /* W1L_Tumblr_FeedTests.swift in Sources */ = {isa = PBXBuildFile; fileRef = FF4D24D5202136D4001AF361 /* W1L_Tumblr_FeedTests.swift */; };
		FF4D24E1202136D4001AF361 /* W1L_Tumblr_FeedUITests.swift in Sources */ = {isa = PBXBuildFile; fileRef = FF4D24E0202136D4001AF361 /* W1L_Tumblr_FeedUITests.swift */; };
/* End PBXBuildFile section */

/* Begin PBXContainerItemProxy section */
		FF4D24D2202136D4001AF361 /* PBXContainerItemProxy */ = {
			isa = PBXContainerItemProxy;
			containerPortal = FF4D24B5202136D3001AF361 /* Project object */;
			proxyType = 1;
			remoteGlobalIDString = FF4D24BC202136D3001AF361;
			remoteInfo = "W1L-Tumblr-Feed";
		};
		FF4D24DD202136D4001AF361 /* PBXContainerItemProxy */ = {
			isa = PBXContainerItemProxy;
			containerPortal = FF4D24B5202136D3001AF361 /* Project object */;
			proxyType = 1;
			remoteGlobalIDString = FF4D24BC202136D3001AF361;
			remoteInfo = "W1L-Tumblr-Feed";
		};
/* End PBXContainerItemProxy section */

/* Begin PBXFileReference section */
		FF4D24BD202136D3001AF361 /* W1L-Tumblr-Feed.app */ = {isa = PBXFileReference; explicitFileType = wrapper.application; includeInIndex = 0; path = "W1L-Tumblr-Feed.app"; sourceTree = BUILT_PRODUCTS_DIR; };
		FF4D24C0202136D4001AF361 /* AppDelegate.swift */ = {isa = PBXFileReference; lastKnownFileType = sourcecode.swift; path = AppDelegate.swift; sourceTree = "<group>"; };
		FF4D24C2202136D4001AF361 /* ViewController.swift */ = {isa = PBXFileReference; lastKnownFileType = sourcecode.swift; path = ViewController.swift; sourceTree = "<group>"; };
		FF4D24C5202136D4001AF361 /* Base */ = {isa = PBXFileReference; lastKnownFileType = file.storyboard; name = Base; path = Base.lproj/Main.storyboard; sourceTree = "<group>"; };
		FF4D24C7202136D4001AF361 /* Assets.xcassets */ = {isa = PBXFileReference; lastKnownFileType = folder.assetcatalog; path = Assets.xcassets; sourceTree = "<group>"; };
		FF4D24CA202136D4001AF361 /* Base */ = {isa = PBXFileReference; lastKnownFileType = file.storyboard; name = Base; path = Base.lproj/LaunchScreen.storyboard; sourceTree = "<group>"; };
		FF4D24CC202136D4001AF361 /* Info.plist */ = {isa = PBXFileReference; lastKnownFileType = text.plist.xml; path = Info.plist; sourceTree = "<group>"; };
		FF4D24D1202136D4001AF361 /* W1L-Tumblr-FeedTests.xctest */ = {isa = PBXFileReference; explicitFileType = wrapper.cfbundle; includeInIndex = 0; path = "W1L-Tumblr-FeedTests.xctest"; sourceTree = BUILT_PRODUCTS_DIR; };
		FF4D24D5202136D4001AF361 /* W1L_Tumblr_FeedTests.swift */ = {isa = PBXFileReference; lastKnownFileType = sourcecode.swift; path = W1L_Tumblr_FeedTests.swift; sourceTree = "<group>"; };
		FF4D24D7202136D4001AF361 /* Info.plist */ = {isa = PBXFileReference; lastKnownFileType = text.plist.xml; path = Info.plist; sourceTree = "<group>"; };
		FF4D24DC202136D4001AF361 /* W1L-Tumblr-FeedUITests.xctest */ = {isa = PBXFileReference; explicitFileType = wrapper.cfbundle; includeInIndex = 0; path = "W1L-Tumblr-FeedUITests.xctest"; sourceTree = BUILT_PRODUCTS_DIR; };
		FF4D24E0202136D4001AF361 /* W1L_Tumblr_FeedUITests.swift */ = {isa = PBXFileReference; lastKnownFileType = sourcecode.swift; path = W1L_Tumblr_FeedUITests.swift; sourceTree = "<group>"; };
		FF4D24E2202136D4001AF361 /* Info.plist */ = {isa = PBXFileReference; lastKnownFileType = text.plist.xml; path = Info.plist; sourceTree = "<group>"; };
/* End PBXFileReference section */

/* Begin PBXFrameworksBuildPhase section */
		FF4D24BA202136D3001AF361 /* Frameworks */ = {
			isa = PBXFrameworksBuildPhase;
			buildActionMask = 2147483647;
			files = (
			);
			runOnlyForDeploymentPostprocessing = 0;
		};
		FF4D24CE202136D4001AF361 /* Frameworks */ = {
			isa = PBXFrameworksBuildPhase;
			buildActionMask = 2147483647;
			files = (
			);
			runOnlyForDeploymentPostprocessing = 0;
		};
		FF4D24D9202136D4001AF361 /* Frameworks */ = {
			isa = PBXFrameworksBuildPhase;
			buildActionMask = 2147483647;
			files = (
			);
			runOnlyForDeploymentPostprocessing = 0;
		};
/* End PBXFrameworksBuildPhase section */

/* Begin PBXGroup section */
		FF4D24B4202136D3001AF361 = {
			isa = PBXGroup;
			children = (
				FF4D24BF202136D3001AF361 /* W1L-Tumblr-Feed */,
				FF4D24D4202136D4001AF361 /* W1L-Tumblr-FeedTests */,
				FF4D24DF202136D4001AF361 /* W1L-Tumblr-FeedUITests */,
				FF4D24BE202136D3001AF361 /* Products */,
			);
			sourceTree = "<group>";
		};
		FF4D24BE202136D3001AF361 /* Products */ = {
			isa = PBXGroup;
			children = (
				FF4D24BD202136D3001AF361 /* W1L-Tumblr-Feed.app */,
				FF4D24D1202136D4001AF361 /* W1L-Tumblr-FeedTests.xctest */,
				FF4D24DC202136D4001AF361 /* W1L-Tumblr-FeedUITests.xctest */,
			);
			name = Products;
			sourceTree = "<group>";
		};
		FF4D24BF202136D3001AF361 /* W1L-Tumblr-Feed */ = {
			isa = PBXGroup;
			children = (
				FF4D24C0202136D4001AF361 /* AppDelegate.swift */,
				FF4D24C2202136D4001AF361 /* ViewController.swift */,
				FF4D24C4202136D4001AF361 /* Main.storyboard */,
				FF4D24C7202136D4001AF361 /* Assets.xcassets */,
				FF4D24C9202136D4001AF361 /* LaunchScreen.storyboard */,
				FF4D24CC202136D4001AF361 /* Info.plist */,
			);
			path = "W1L-Tumblr-Feed";
			sourceTree = "<group>";
		};
		FF4D24D4202136D4001AF361 /* W1L-Tumblr-FeedTests */ = {
			isa = PBXGroup;
			children = (
				FF4D24D5202136D4001AF361 /* W1L_Tumblr_FeedTests.swift */,
				FF4D24D7202136D4001AF361 /* Info.plist */,
			);
			path = "W1L-Tumblr-FeedTests";
			sourceTree = "<group>";
		};
		FF4D24DF202136D4001AF361 /* W1L-Tumblr-FeedUITests */ = {
			isa = PBXGroup;
			children = (
				FF4D24E0202136D4001AF361 /* W1L_Tumblr_FeedUITests.swift */,
				FF4D24E2202136D4001AF361 /* Info.plist */,
			);
			path = "W1L-Tumblr-FeedUITests";
			sourceTree = "<group>";
		};
/* End PBXGroup section */

/* Begin PBXNativeTarget section */
		FF4D24BC202136D3001AF361 /* W1L-Tumblr-Feed */ = {
			isa = PBXNativeTarget;
			buildConfigurationList = FF4D24E5202136D4001AF361 /* Build configuration list for PBXNativeTarget "W1L-Tumblr-Feed" */;
			buildPhases = (
				FF4D24B9202136D3001AF361 /* Sources */,
				FF4D24BA202136D3001AF361 /* Frameworks */,
				FF4D24BB202136D3001AF361 /* Resources */,
			);
			buildRules = (
			);
			dependencies = (
			);
			name = "W1L-Tumblr-Feed";
			productName = "W1L-Tumblr-Feed";
			productReference = FF4D24BD202136D3001AF361 /* W1L-Tumblr-Feed.app */;
			productType = "com.apple.product-type.application";
		};
		FF4D24D0202136D4001AF361 /* W1L-Tumblr-FeedTests */ = {
			isa = PBXNativeTarget;
			buildConfigurationList = FF4D24E8202136D4001AF361 /* Build configuration list for PBXNativeTarget "W1L-Tumblr-FeedTests" */;
			buildPhases = (
				FF4D24CD202136D4001AF361 /* Sources */,
				FF4D24CE202136D4001AF361 /* Frameworks */,
				FF4D24CF202136D4001AF361 /* Resources */,
			);
			buildRules = (
			);
			dependencies = (
				FF4D24D3202136D4001AF361 /* PBXTargetDependency */,
			);
			name = "W1L-Tumblr-FeedTests";
			productName = "W1L-Tumblr-FeedTests";
			productReference = FF4D24D1202136D4001AF361 /* W1L-Tumblr-FeedTests.xctest */;
			productType = "com.apple.product-type.bundle.unit-test";
		};
		FF4D24DB202136D4001AF361 /* W1L-Tumblr-FeedUITests */ = {
			isa = PBXNativeTarget;
			buildConfigurationList = FF4D24EB202136D4001AF361 /* Build configuration list for PBXNativeTarget "W1L-Tumblr-FeedUITests" */;
			buildPhases = (
				FF4D24D8202136D4001AF361 /* Sources */,
				FF4D24D9202136D4001AF361 /* Frameworks */,
				FF4D24DA202136D4001AF361 /* Resources */,
			);
			buildRules = (
			);
			dependencies = (
				FF4D24DE202136D4001AF361 /* PBXTargetDependency */,
			);
			name = "W1L-Tumblr-FeedUITests";
			productName = "W1L-Tumblr-FeedUITests";
			productReference = FF4D24DC202136D4001AF361 /* W1L-Tumblr-FeedUITests.xctest */;
			productType = "com.apple.product-type.bundle.ui-testing";
		};
/* End PBXNativeTarget section */

/* Begin PBXProject section */
		FF4D24B5202136D3001AF361 /* Project object */ = {
			isa = PBXProject;
			attributes = {
				LastSwiftUpdateCheck = 0920;
				LastUpgradeCheck = 0920;
				ORGANIZATIONNAME = "Melissa Phuong Nguyen";
				TargetAttributes = {
					FF4D24BC202136D3001AF361 = {
						CreatedOnToolsVersion = 9.2;
						ProvisioningStyle = Automatic;
					};
					FF4D24D0202136D4001AF361 = {
						CreatedOnToolsVersion = 9.2;
						ProvisioningStyle = Automatic;
						TestTargetID = FF4D24BC202136D3001AF361;
					};
					FF4D24DB202136D4001AF361 = {
						CreatedOnToolsVersion = 9.2;
						ProvisioningStyle = Automatic;
						TestTargetID = FF4D24BC202136D3001AF361;
					};
				};
			};
			buildConfigurationList = FF4D24B8202136D3001AF361 /* Build configuration list for PBXProject "W1L-Tumblr-Feed" */;
			compatibilityVersion = "Xcode 8.0";
			developmentRegion = en;
			hasScannedForEncodings = 0;
			knownRegions = (
				en,
				Base,
			);
			mainGroup = FF4D24B4202136D3001AF361;
			productRefGroup = FF4D24BE202136D3001AF361 /* Products */;
			projectDirPath = "";
			projectRoot = "";
			targets = (
				FF4D24BC202136D3001AF361 /* W1L-Tumblr-Feed */,
				FF4D24D0202136D4001AF361 /* W1L-Tumblr-FeedTests */,
				FF4D24DB202136D4001AF361 /* W1L-Tumblr-FeedUITests */,
			);
		};
/* End PBXProject section */

/* Begin PBXResourcesBuildPhase section */
		FF4D24BB202136D3001AF361 /* Resources */ = {
			isa = PBXResourcesBuildPhase;
			buildActionMask = 2147483647;
			files = (
				FF4D24CB202136D4001AF361 /* LaunchScreen.storyboard in Resources */,
				FF4D24C8202136D4001AF361 /* Assets.xcassets in Resources */,
				FF4D24C6202136D4001AF361 /* Main.storyboard in Resources */,
			);
			runOnlyForDeploymentPostprocessing = 0;
		};
		FF4D24CF202136D4001AF361 /* Resources */ = {
			isa = PBXResourcesBuildPhase;
			buildActionMask = 2147483647;
			files = (
			);
			runOnlyForDeploymentPostprocessing = 0;
		};
		FF4D24DA202136D4001AF361 /* Resources */ = {
			isa = PBXResourcesBuildPhase;
			buildActionMask = 2147483647;
			files = (
			);
			runOnlyForDeploymentPostprocessing = 0;
		};
/* End PBXResourcesBuildPhase section */

/* Begin PBXSourcesBuildPhase section */
		FF4D24B9202136D3001AF361 /* Sources */ = {
			isa = PBXSourcesBuildPhase;
			buildActionMask = 2147483647;
			files = (
				FF4D24C3202136D4001AF361 /* ViewController.swift in Sources */,
				FF4D24C1202136D4001AF361 /* AppDelegate.swift in Sources */,
			);
			runOnlyForDeploymentPostprocessing = 0;
		};
		FF4D24CD202136D4001AF361 /* Sources */ = {
			isa = PBXSourcesBuildPhase;
			buildActionMask = 2147483647;
			files = (
				FF4D24D6202136D4001AF361 /* W1L_Tumblr_FeedTests.swift in Sources */,
			);
			runOnlyForDeploymentPostprocessing = 0;
		};
		FF4D24D8202136D4001AF361 /* Sources */ = {
			isa = PBXSourcesBuildPhase;
			buildActionMask = 2147483647;
			files = (
				FF4D24E1202136D4001AF361 /* W1L_Tumblr_FeedUITests.swift in Sources */,
			);
			runOnlyForDeploymentPostprocessing = 0;
		};
/* End PBXSourcesBuildPhase section */

/* Begin PBXTargetDependency section */
		FF4D24D3202136D4001AF361 /* PBXTargetDependency */ = {
			isa = PBXTargetDependency;
			target = FF4D24BC202136D3001AF361 /* W1L-Tumblr-Feed */;
			targetProxy = FF4D24D2202136D4001AF361 /* PBXContainerItemProxy */;
		};
		FF4D24DE202136D4001AF361 /* PBXTargetDependency */ = {
			isa = PBXTargetDependency;
			target = FF4D24BC202136D3001AF361 /* W1L-Tumblr-Feed */;
			targetProxy = FF4D24DD202136D4001AF361 /* PBXContainerItemProxy */;
		};
/* End PBXTargetDependency section */

/* Begin PBXVariantGroup section */
		FF4D24C4202136D4001AF361 /* Main.storyboard */ = {
			isa = PBXVariantGroup;
			children = (
				FF4D24C5202136D4001AF361 /* Base */,
			);
			name = Main.storyboard;
			sourceTree = "<group>";
		};
		FF4D24C9202136D4001AF361 /* LaunchScreen.storyboard */ = {
			isa = PBXVariantGroup;
			children = (
				FF4D24CA202136D4001AF361 /* Base */,
			);
			name = LaunchScreen.storyboard;
			sourceTree = "<group>";
		};
/* End PBXVariantGroup section */

/* Begin XCBuildConfiguration section */
		FF4D24E3202136D4001AF361 /* Debug */ = {
			isa = XCBuildConfiguration;
			buildSettings = {
				ALWAYS_SEARCH_USER_PATHS = NO;
				CLANG_ANALYZER_NONNULL = YES;
				CLANG_ANALYZER_NUMBER_OBJECT_CONVERSION = YES_AGGRESSIVE;
				CLANG_CXX_LANGUAGE_STANDARD = "gnu++14";
				CLANG_CXX_LIBRARY = "libc++";
				CLANG_ENABLE_MODULES = YES;
				CLANG_ENABLE_OBJC_ARC = YES;
				CLANG_WARN_BLOCK_CAPTURE_AUTORELEASING = YES;
				CLANG_WARN_BOOL_CONVERSION = YES;
				CLANG_WARN_COMMA = YES;
				CLANG_WARN_CONSTANT_CONVERSION = YES;
				CLANG_WARN_DIRECT_OBJC_ISA_USAGE = YES_ERROR;
				CLANG_WARN_DOCUMENTATION_COMMENTS = YES;
				CLANG_WARN_EMPTY_BODY = YES;
				CLANG_WARN_ENUM_CONVERSION = YES;
				CLANG_WARN_INFINITE_RECURSION = YES;
				CLANG_WARN_INT_CONVERSION = YES;
				CLANG_WARN_NON_LITERAL_NULL_CONVERSION = YES;
				CLANG_WARN_OBJC_LITERAL_CONVERSION = YES;
				CLANG_WARN_OBJC_ROOT_CLASS = YES_ERROR;
				CLANG_WARN_RANGE_LOOP_ANALYSIS = YES;
				CLANG_WARN_STRICT_PROTOTYPES = YES;
				CLANG_WARN_SUSPICIOUS_MOVE = YES;
				CLANG_WARN_UNGUARDED_AVAILABILITY = YES_AGGRESSIVE;
				CLANG_WARN_UNREACHABLE_CODE = YES;
				CLANG_WARN__DUPLICATE_METHOD_MATCH = YES;
				CODE_SIGN_IDENTITY = "iPhone Developer";
				COPY_PHASE_STRIP = NO;
				DEBUG_INFORMATION_FORMAT = dwarf;
				ENABLE_STRICT_OBJC_MSGSEND = YES;
				ENABLE_TESTABILITY = YES;
				GCC_C_LANGUAGE_STANDARD = gnu11;
				GCC_DYNAMIC_NO_PIC = NO;
				GCC_NO_COMMON_BLOCKS = YES;
				GCC_OPTIMIZATION_LEVEL = 0;
				GCC_PREPROCESSOR_DEFINITIONS = (
					"DEBUG=1",
					"$(inherited)",
				);
				GCC_WARN_64_TO_32_BIT_CONVERSION = YES;
				GCC_WARN_ABOUT_RETURN_TYPE = YES_ERROR;
				GCC_WARN_UNDECLARED_SELECTOR = YES;
				GCC_WARN_UNINITIALIZED_AUTOS = YES_AGGRESSIVE;
				GCC_WARN_UNUSED_FUNCTION = YES;
				GCC_WARN_UNUSED_VARIABLE = YES;
				IPHONEOS_DEPLOYMENT_TARGET = 11.2;
				MTL_ENABLE_DEBUG_INFO = YES;
				ONLY_ACTIVE_ARCH = YES;
				SDKROOT = iphoneos;
				SWIFT_ACTIVE_COMPILATION_CONDITIONS = DEBUG;
				SWIFT_OPTIMIZATION_LEVEL = "-Onone";
			};
			name = Debug;
		};
		FF4D24E4202136D4001AF361 /* Release */ = {
			isa = XCBuildConfiguration;
			buildSettings = {
				ALWAYS_SEARCH_USER_PATHS = NO;
				CLANG_ANALYZER_NONNULL = YES;
				CLANG_ANALYZER_NUMBER_OBJECT_CONVERSION = YES_AGGRESSIVE;
				CLANG_CXX_LANGUAGE_STANDARD = "gnu++14";
				CLANG_CXX_LIBRARY = "libc++";
				CLANG_ENABLE_MODULES = YES;
				CLANG_ENABLE_OBJC_ARC = YES;
				CLANG_WARN_BLOCK_CAPTURE_AUTORELEASING = YES;
				CLANG_WARN_BOOL_CONVERSION = YES;
				CLANG_WARN_COMMA = YES;
				CLANG_WARN_CONSTANT_CONVERSION = YES;
				CLANG_WARN_DIRECT_OBJC_ISA_USAGE = YES_ERROR;
				CLANG_WARN_DOCUMENTATION_COMMENTS = YES;
				CLANG_WARN_EMPTY_BODY = YES;
				CLANG_WARN_ENUM_CONVERSION = YES;
				CLANG_WARN_INFINITE_RECURSION = YES;
				CLANG_WARN_INT_CONVERSION = YES;
				CLANG_WARN_NON_LITERAL_NULL_CONVERSION = YES;
				CLANG_WARN_OBJC_LITERAL_CONVERSION = YES;
				CLANG_WARN_OBJC_ROOT_CLASS = YES_ERROR;
				CLANG_WARN_RANGE_LOOP_ANALYSIS = YES;
				CLANG_WARN_STRICT_PROTOTYPES = YES;
				CLANG_WARN_SUSPICIOUS_MOVE = YES;
				CLANG_WARN_UNGUARDED_AVAILABILITY = YES_AGGRESSIVE;
				CLANG_WARN_UNREACHABLE_CODE = YES;
				CLANG_WARN__DUPLICATE_METHOD_MATCH = YES;
				CODE_SIGN_IDENTITY = "iPhone Developer";
				COPY_PHASE_STRIP = NO;
				DEBUG_INFORMATION_FORMAT = "dwarf-with-dsym";
				ENABLE_NS_ASSERTIONS = NO;
				ENABLE_STRICT_OBJC_MSGSEND = YES;
				GCC_C_LANGUAGE_STANDARD = gnu11;
				GCC_NO_COMMON_BLOCKS = YES;
				GCC_WARN_64_TO_32_BIT_CONVERSION = YES;
				GCC_WARN_ABOUT_RETURN_TYPE = YES_ERROR;
				GCC_WARN_UNDECLARED_SELECTOR = YES;
				GCC_WARN_UNINITIALIZED_AUTOS = YES_AGGRESSIVE;
				GCC_WARN_UNUSED_FUNCTION = YES;
				GCC_WARN_UNUSED_VARIABLE = YES;
				IPHONEOS_DEPLOYMENT_TARGET = 11.2;
				MTL_ENABLE_DEBUG_INFO = NO;
				SDKROOT = iphoneos;
				SWIFT_OPTIMIZATION_LEVEL = "-Owholemodule";
				VALIDATE_PRODUCT = YES;
			};
			name = Release;
		};
		FF4D24E6202136D4001AF361 /* Debug */ = {
			isa = XCBuildConfiguration;
			buildSettings = {
				ASSETCATALOG_COMPILER_APPICON_NAME = AppIcon;
				CODE_SIGN_STYLE = Automatic;
				DEVELOPMENT_TEAM = F4SX7SE65E;
				INFOPLIST_FILE = "W1L-Tumblr-Feed/Info.plist";
				LD_RUNPATH_SEARCH_PATHS = "$(inherited) @executable_path/Frameworks";
				PRODUCT_BUNDLE_IDENTIFIER = "com.melissanguyen.W1L-Tumblr-Feed";
				PRODUCT_NAME = "$(TARGET_NAME)";
				SWIFT_VERSION = 4.0;
				TARGETED_DEVICE_FAMILY = "1,2";
			};
			name = Debug;
		};
		FF4D24E7202136D4001AF361 /* Release */ = {
			isa = XCBuildConfiguration;
			buildSettings = {
				ASSETCATALOG_COMPILER_APPICON_NAME = AppIcon;
				CODE_SIGN_STYLE = Automatic;
				DEVELOPMENT_TEAM = F4SX7SE65E;
				INFOPLIST_FILE = "W1L-Tumblr-Feed/Info.plist";
				LD_RUNPATH_SEARCH_PATHS = "$(inherited) @executable_path/Frameworks";
				PRODUCT_BUNDLE_IDENTIFIER = "com.melissanguyen.W1L-Tumblr-Feed";
				PRODUCT_NAME = "$(TARGET_NAME)";
				SWIFT_VERSION = 4.0;
				TARGETED_DEVICE_FAMILY = "1,2";
			};
			name = Release;
		};
		FF4D24E9202136D4001AF361 /* Debug */ = {
			isa = XCBuildConfiguration;
			buildSettings = {
				ALWAYS_EMBED_SWIFT_STANDARD_LIBRARIES = YES;
				BUNDLE_LOADER = "$(TEST_HOST)";
				CODE_SIGN_STYLE = Automatic;
				INFOPLIST_FILE = "W1L-Tumblr-FeedTests/Info.plist";
				LD_RUNPATH_SEARCH_PATHS = "$(inherited) @executable_path/Frameworks @loader_path/Frameworks";
				PRODUCT_BUNDLE_IDENTIFIER = "com.melissanguyen.W1L-Tumblr-FeedTests";
				PRODUCT_NAME = "$(TARGET_NAME)";
				SWIFT_VERSION = 4.0;
				TARGETED_DEVICE_FAMILY = "1,2";
				TEST_HOST = "$(BUILT_PRODUCTS_DIR)/W1L-Tumblr-Feed.app/W1L-Tumblr-Feed";
			};
			name = Debug;
		};
		FF4D24EA202136D4001AF361 /* Release */ = {
			isa = XCBuildConfiguration;
			buildSettings = {
				ALWAYS_EMBED_SWIFT_STANDARD_LIBRARIES = YES;
				BUNDLE_LOADER = "$(TEST_HOST)";
				CODE_SIGN_STYLE = Automatic;
				INFOPLIST_FILE = "W1L-Tumblr-FeedTests/Info.plist";
				LD_RUNPATH_SEARCH_PATHS = "$(inherited) @executable_path/Frameworks @loader_path/Frameworks";
				PRODUCT_BUNDLE_IDENTIFIER = "com.melissanguyen.W1L-Tumblr-FeedTests";
				PRODUCT_NAME = "$(TARGET_NAME)";
				SWIFT_VERSION = 4.0;
				TARGETED_DEVICE_FAMILY = "1,2";
				TEST_HOST = "$(BUILT_PRODUCTS_DIR)/W1L-Tumblr-Feed.app/W1L-Tumblr-Feed";
			};
			name = Release;
		};
		FF4D24EC202136D4001AF361 /* Debug */ = {
			isa = XCBuildConfiguration;
			buildSettings = {
				ALWAYS_EMBED_SWIFT_STANDARD_LIBRARIES = YES;
				CODE_SIGN_STYLE = Automatic;
				INFOPLIST_FILE = "W1L-Tumblr-FeedUITests/Info.plist";
				LD_RUNPATH_SEARCH_PATHS = "$(inherited) @executable_path/Frameworks @loader_path/Frameworks";
				PRODUCT_BUNDLE_IDENTIFIER = "com.melissanguyen.W1L-Tumblr-FeedUITests";
				PRODUCT_NAME = "$(TARGET_NAME)";
				SWIFT_VERSION = 4.0;
				TARGETED_DEVICE_FAMILY = "1,2";
				TEST_TARGET_NAME = "W1L-Tumblr-Feed";
			};
			name = Debug;
		};
		FF4D24ED202136D4001AF361 /* Release */ = {
			isa = XCBuildConfiguration;
			buildSettings = {
				ALWAYS_EMBED_SWIFT_STANDARD_LIBRARIES = YES;
				CODE_SIGN_STYLE = Automatic;
				INFOPLIST_FILE = "W1L-Tumblr-FeedUITests/Info.plist";
				LD_RUNPATH_SEARCH_PATHS = "$(inherited) @executable_path/Frameworks @loader_path/Frameworks";
				PRODUCT_BUNDLE_IDENTIFIER = "com.melissanguyen.W1L-Tumblr-FeedUITests";
				PRODUCT_NAME = "$(TARGET_NAME)";
				SWIFT_VERSION = 4.0;
				TARGETED_DEVICE_FAMILY = "1,2";
				TEST_TARGET_NAME = "W1L-Tumblr-Feed";
			};
			name = Release;
		};
/* End XCBuildConfiguration section */

/* Begin XCConfigurationList section */
		FF4D24B8202136D3001AF361 /* Build configuration list for PBXProject "W1L-Tumblr-Feed" */ = {
			isa = XCConfigurationList;
			buildConfigurations = (
				FF4D24E3202136D4001AF361 /* Debug */,
				FF4D24E4202136D4001AF361 /* Release */,
			);
			defaultConfigurationIsVisible = 0;
			defaultConfigurationName = Release;
		};
		FF4D24E5202136D4001AF361 /* Build configuration list for PBXNativeTarget "W1L-Tumblr-Feed" */ = {
			isa = XCConfigurationList;
			buildConfigurations = (
				FF4D24E6202136D4001AF361 /* Debug */,
				FF4D24E7202136D4001AF361 /* Release */,
			);
			defaultConfigurationIsVisible = 0;
			defaultConfigurationName = Release;
		};
		FF4D24E8202136D4001AF361 /* Build configuration list for PBXNativeTarget "W1L-Tumblr-FeedTests" */ = {
			isa = XCConfigurationList;
			buildConfigurations = (
				FF4D24E9202136D4001AF361 /* Debug */,
				FF4D24EA202136D4001AF361 /* Release */,
			);
			defaultConfigurationIsVisible = 0;
			defaultConfigurationName = Release;
		};
		FF4D24EB202136D4001AF361 /* Build configuration list for PBXNativeTarget "W1L-Tumblr-FeedUITests" */ = {
			isa = XCConfigurationList;
			buildConfigurations = (
				FF4D24EC202136D4001AF361 /* Debug */,
				FF4D24ED202136D4001AF361 /* Release */,
			);
			defaultConfigurationIsVisible = 0;
			defaultConfigurationName = Release;
		};
/* End XCConfigurationList section */
	};
	rootObject = FF4D24B5202136D3001AF361 /* Project object */;
}
